// !$*UTF8*$!
{
	archiveVersion = 1;
	classes = {
	};
	objectVersion = 46;
	objects = {

/* Begin PBXBuildFile section */
		D902F6371E4F4EC700EDCA1C /* Client.swift in Sources */ = {isa = PBXBuildFile; fileRef = D902F6281E4F4EC700EDCA1C /* Client.swift */; };
		D902F6381E4F4EC700EDCA1C /* Client+EventDispatching.swift in Sources */ = {isa = PBXBuildFile; fileRef = D902F6291E4F4EC700EDCA1C /* Client+EventDispatching.swift */; };
		D902F6391E4F4EC700EDCA1C /* Client+EventHandling.swift in Sources */ = {isa = PBXBuildFile; fileRef = D902F62A1E4F4EC700EDCA1C /* Client+EventHandling.swift */; };
		D902F63A1E4F4EC700EDCA1C /* Client+Utilities.swift in Sources */ = {isa = PBXBuildFile; fileRef = D902F62B1E4F4EC700EDCA1C /* Client+Utilities.swift */; };
		D902F63B1E4F4EC700EDCA1C /* EventDelegate.swift in Sources */ = {isa = PBXBuildFile; fileRef = D902F62C1E4F4EC700EDCA1C /* EventDelegate.swift */; };
		D902F63C1E4F4EC700EDCA1C /* Extensions.swift in Sources */ = {isa = PBXBuildFile; fileRef = D902F62D1E4F4EC700EDCA1C /* Extensions.swift */; };
		D902F63D1E4F4EC700EDCA1C /* IncomingWebhook.swift in Sources */ = {isa = PBXBuildFile; fileRef = D902F62E1E4F4EC700EDCA1C /* IncomingWebhook.swift */; };
		D902F63E1E4F4EC700EDCA1C /* MessageActionResponder.swift in Sources */ = {isa = PBXBuildFile; fileRef = D902F62F1E4F4EC700EDCA1C /* MessageActionResponder.swift */; };
		D902F63F1E4F4EC700EDCA1C /* MessageActionServer.swift in Sources */ = {isa = PBXBuildFile; fileRef = D902F6301E4F4EC700EDCA1C /* MessageActionServer.swift */; };
		D902F6401E4F4EC700EDCA1C /* NetworkInterface.swift in Sources */ = {isa = PBXBuildFile; fileRef = D902F6311E4F4EC700EDCA1C /* NetworkInterface.swift */; };
		D902F6411E4F4EC700EDCA1C /* OAuthServer.swift in Sources */ = {isa = PBXBuildFile; fileRef = D902F6321E4F4EC700EDCA1C /* OAuthServer.swift */; };
		D902F6421E4F4EC700EDCA1C /* Server.swift in Sources */ = {isa = PBXBuildFile; fileRef = D902F6331E4F4EC700EDCA1C /* Server.swift */; };
		D902F6431E4F4EC700EDCA1C /* SlackKit.swift in Sources */ = {isa = PBXBuildFile; fileRef = D902F6341E4F4EC700EDCA1C /* SlackKit.swift */; };
		D902F6441E4F4EC700EDCA1C /* WebAPI.swift in Sources */ = {isa = PBXBuildFile; fileRef = D902F6351E4F4EC700EDCA1C /* WebAPI.swift */; };
		D902F6451E4F4EC700EDCA1C /* WebhookServer.swift in Sources */ = {isa = PBXBuildFile; fileRef = D902F6361E4F4EC700EDCA1C /* WebhookServer.swift */; };
		D902F65E1E4F4EDA00EDCA1C /* Action.swift in Sources */ = {isa = PBXBuildFile; fileRef = D902F6471E4F4EDA00EDCA1C /* Action.swift */; };
		D902F65F1E4F4EDA00EDCA1C /* Attachment.swift in Sources */ = {isa = PBXBuildFile; fileRef = D902F6481E4F4EDA00EDCA1C /* Attachment.swift */; };
		D902F6601E4F4EDA00EDCA1C /* AttachmentField.swift in Sources */ = {isa = PBXBuildFile; fileRef = D902F6491E4F4EDA00EDCA1C /* AttachmentField.swift */; };
		D902F6611E4F4EDA00EDCA1C /* Bot.swift in Sources */ = {isa = PBXBuildFile; fileRef = D902F64A1E4F4EDA00EDCA1C /* Bot.swift */; };
		D902F6621E4F4EDA00EDCA1C /* Channel.swift in Sources */ = {isa = PBXBuildFile; fileRef = D902F64B1E4F4EDA00EDCA1C /* Channel.swift */; };
		D902F6631E4F4EDA00EDCA1C /* ClientOptions.swift in Sources */ = {isa = PBXBuildFile; fileRef = D902F64C1E4F4EDA00EDCA1C /* ClientOptions.swift */; };
		D902F6641E4F4EDA00EDCA1C /* Comment.swift in Sources */ = {isa = PBXBuildFile; fileRef = D902F64D1E4F4EDA00EDCA1C /* Comment.swift */; };
		D902F6651E4F4EDA00EDCA1C /* CustomProfile.swift in Sources */ = {isa = PBXBuildFile; fileRef = D902F64E1E4F4EDA00EDCA1C /* CustomProfile.swift */; };
		D902F6661E4F4EDA00EDCA1C /* CustomProfileField.swift in Sources */ = {isa = PBXBuildFile; fileRef = D902F64F1E4F4EDA00EDCA1C /* CustomProfileField.swift */; };
		D902F6671E4F4EDA00EDCA1C /* DoNotDisturbStatus.swift in Sources */ = {isa = PBXBuildFile; fileRef = D902F6501E4F4EDA00EDCA1C /* DoNotDisturbStatus.swift */; };
		D902F6681E4F4EDA00EDCA1C /* Edited.swift in Sources */ = {isa = PBXBuildFile; fileRef = D902F6511E4F4EDA00EDCA1C /* Edited.swift */; };
		D902F6691E4F4EDA00EDCA1C /* Event.swift in Sources */ = {isa = PBXBuildFile; fileRef = D902F6521E4F4EDA00EDCA1C /* Event.swift */; };
		D902F66A1E4F4EDA00EDCA1C /* File.swift in Sources */ = {isa = PBXBuildFile; fileRef = D902F6531E4F4EDA00EDCA1C /* File.swift */; };
		D902F66B1E4F4EDA00EDCA1C /* History.swift in Sources */ = {isa = PBXBuildFile; fileRef = D902F6541E4F4EDA00EDCA1C /* History.swift */; };
		D902F66C1E4F4EDA00EDCA1C /* Item.swift in Sources */ = {isa = PBXBuildFile; fileRef = D902F6551E4F4EDA00EDCA1C /* Item.swift */; };
		D902F66D1E4F4EDA00EDCA1C /* Message.swift in Sources */ = {isa = PBXBuildFile; fileRef = D902F6561E4F4EDA00EDCA1C /* Message.swift */; };
		D902F66E1E4F4EDB00EDCA1C /* Reaction.swift in Sources */ = {isa = PBXBuildFile; fileRef = D902F6571E4F4EDA00EDCA1C /* Reaction.swift */; };
		D902F66F1E4F4EDB00EDCA1C /* SlackError.swift in Sources */ = {isa = PBXBuildFile; fileRef = D902F6581E4F4EDA00EDCA1C /* SlackError.swift */; };
		D902F6701E4F4EDB00EDCA1C /* Team.swift in Sources */ = {isa = PBXBuildFile; fileRef = D902F6591E4F4EDA00EDCA1C /* Team.swift */; };
		D902F6711E4F4EDB00EDCA1C /* TeamIcon.swift in Sources */ = {isa = PBXBuildFile; fileRef = D902F65A1E4F4EDA00EDCA1C /* TeamIcon.swift */; };
		D902F6721E4F4EDB00EDCA1C /* Topic.swift in Sources */ = {isa = PBXBuildFile; fileRef = D902F65B1E4F4EDA00EDCA1C /* Topic.swift */; };
		D902F6731E4F4EDB00EDCA1C /* User.swift in Sources */ = {isa = PBXBuildFile; fileRef = D902F65C1E4F4EDA00EDCA1C /* User.swift */; };
		D902F6741E4F4EDB00EDCA1C /* UserGroup.swift in Sources */ = {isa = PBXBuildFile; fileRef = D902F65D1E4F4EDA00EDCA1C /* UserGroup.swift */; };
		D902F67A1E4F4EE800EDCA1C /* AuthorizeRequest.swift in Sources */ = {isa = PBXBuildFile; fileRef = D902F6761E4F4EE800EDCA1C /* AuthorizeRequest.swift */; };
		D902F67B1E4F4EE800EDCA1C /* AuthorizeResponse.swift in Sources */ = {isa = PBXBuildFile; fileRef = D902F6771E4F4EE800EDCA1C /* AuthorizeResponse.swift */; };
		D902F67C1E4F4EE800EDCA1C /* OAuthResponse.swift in Sources */ = {isa = PBXBuildFile; fileRef = D902F6781E4F4EE800EDCA1C /* OAuthResponse.swift */; };
		D902F67D1E4F4EE800EDCA1C /* Scope.swift in Sources */ = {isa = PBXBuildFile; fileRef = D902F6791E4F4EE800EDCA1C /* Scope.swift */; };
		D902F6821E4F4F0300EDCA1C /* MessageActionRequest.swift in Sources */ = {isa = PBXBuildFile; fileRef = D902F67F1E4F4F0300EDCA1C /* MessageActionRequest.swift */; };
		D902F6831E4F4F0300EDCA1C /* Response.swift in Sources */ = {isa = PBXBuildFile; fileRef = D902F6801E4F4F0300EDCA1C /* Response.swift */; };
		D902F6841E4F4F0300EDCA1C /* WebhookRequest.swift in Sources */ = {isa = PBXBuildFile; fileRef = D902F6811E4F4F0300EDCA1C /* WebhookRequest.swift */; };
		D902F6861E4F4F6800EDCA1C /* SCAction.swift in Sources */ = {isa = PBXBuildFile; fileRef = D902F6851E4F4F6800EDCA1C /* SCAction.swift */; };
		D96A54181E2959E100650323 /* Utils.swift in Sources */ = {isa = PBXBuildFile; fileRef = D96A54151E294B3800650323 /* Utils.swift */; };
		D96A54191E2959E400650323 /* main.swift in Sources */ = {isa = PBXBuildFile; fileRef = D96A54141E294B3800650323 /* main.swift */; };
		D96A541B1E295C5100650323 /* JarvisBot.swift in Sources */ = {isa = PBXBuildFile; fileRef = D96A541A1E295C5100650323 /* JarvisBot.swift */; };
		D96A541F1E2960A600650323 /* GifAction.swift in Sources */ = {isa = PBXBuildFile; fileRef = D96A541E1E2960A600650323 /* GifAction.swift */; };
		D96A54211E2961F400650323 /* Actions.swift in Sources */ = {isa = PBXBuildFile; fileRef = D96A54201E2961F400650323 /* Actions.swift */; };
		OBJ_100 /* Process.swift in Sources */ = {isa = PBXBuildFile; fileRef = OBJ_18 /* Process.swift */; };
		OBJ_101 /* Scopes.swift in Sources */ = {isa = PBXBuildFile; fileRef = OBJ_19 /* Scopes.swift */; };
		OBJ_102 /* Socket+File.swift in Sources */ = {isa = PBXBuildFile; fileRef = OBJ_20 /* Socket+File.swift */; };
		OBJ_103 /* Socket+Server.swift in Sources */ = {isa = PBXBuildFile; fileRef = OBJ_21 /* Socket+Server.swift */; };
		OBJ_104 /* Socket.swift in Sources */ = {isa = PBXBuildFile; fileRef = OBJ_22 /* Socket.swift */; };
		OBJ_105 /* String+BASE64.swift in Sources */ = {isa = PBXBuildFile; fileRef = OBJ_23 /* String+BASE64.swift */; };
		OBJ_106 /* String+File.swift in Sources */ = {isa = PBXBuildFile; fileRef = OBJ_24 /* String+File.swift */; };
		OBJ_107 /* String+Misc.swift in Sources */ = {isa = PBXBuildFile; fileRef = OBJ_25 /* String+Misc.swift */; };
		OBJ_108 /* String+SHA1.swift in Sources */ = {isa = PBXBuildFile; fileRef = OBJ_26 /* String+SHA1.swift */; };
		OBJ_109 /* WebSockets.swift in Sources */ = {isa = PBXBuildFile; fileRef = OBJ_27 /* WebSockets.swift */; };
		OBJ_116 /* SSLSecurity.swift in Sources */ = {isa = PBXBuildFile; fileRef = OBJ_29 /* SSLSecurity.swift */; };
		OBJ_117 /* WebSocket.swift in Sources */ = {isa = PBXBuildFile; fileRef = OBJ_30 /* WebSocket.swift */; };
		OBJ_170 /* Swifter.framework in Frameworks */ = {isa = PBXBuildFile; fileRef = OBJ_82 /* Swifter.framework */; };
		OBJ_171 /* Starscream.framework in Frameworks */ = {isa = PBXBuildFile; fileRef = OBJ_83 /* Starscream.framework */; };
		OBJ_181 /* Swifter.framework in Frameworks */ = {isa = PBXBuildFile; fileRef = OBJ_82 /* Swifter.framework */; };
		OBJ_182 /* Starscream.framework in Frameworks */ = {isa = PBXBuildFile; fileRef = OBJ_83 /* Starscream.framework */; };
		OBJ_183 /* SlackKit.framework in Frameworks */ = {isa = PBXBuildFile; fileRef = OBJ_84 /* SlackKit.framework */; };
		OBJ_91 /* DemoServer.swift in Sources */ = {isa = PBXBuildFile; fileRef = OBJ_9 /* DemoServer.swift */; };
		OBJ_92 /* Errno.swift in Sources */ = {isa = PBXBuildFile; fileRef = OBJ_10 /* Errno.swift */; };
		OBJ_93 /* Files.swift in Sources */ = {isa = PBXBuildFile; fileRef = OBJ_11 /* Files.swift */; };
		OBJ_94 /* HttpParser.swift in Sources */ = {isa = PBXBuildFile; fileRef = OBJ_12 /* HttpParser.swift */; };
		OBJ_95 /* HttpRequest.swift in Sources */ = {isa = PBXBuildFile; fileRef = OBJ_13 /* HttpRequest.swift */; };
		OBJ_96 /* HttpResponse.swift in Sources */ = {isa = PBXBuildFile; fileRef = OBJ_14 /* HttpResponse.swift */; };
		OBJ_97 /* HttpRouter.swift in Sources */ = {isa = PBXBuildFile; fileRef = OBJ_15 /* HttpRouter.swift */; };
		OBJ_98 /* HttpServer.swift in Sources */ = {isa = PBXBuildFile; fileRef = OBJ_16 /* HttpServer.swift */; };
		OBJ_99 /* HttpServerIO.swift in Sources */ = {isa = PBXBuildFile; fileRef = OBJ_17 /* HttpServerIO.swift */; };
/* End PBXBuildFile section */

/* Begin PBXContainerItemProxy section */
		D96A540F1E294AF600650323 /* PBXContainerItemProxy */ = {
			isa = PBXContainerItemProxy;
			containerPortal = OBJ_1 /* Project object */;
			proxyType = 1;
			remoteGlobalIDString = OBJ_86;
			remoteInfo = Swifter;
		};
		D96A54101E294AF600650323 /* PBXContainerItemProxy */ = {
			isa = PBXContainerItemProxy;
			containerPortal = OBJ_1 /* Project object */;
			proxyType = 1;
			remoteGlobalIDString = OBJ_111;
			remoteInfo = Starscream;
		};
		D96A54111E294AF600650323 /* PBXContainerItemProxy */ = {
			isa = PBXContainerItemProxy;
			containerPortal = OBJ_1 /* Project object */;
			proxyType = 1;
			remoteGlobalIDString = OBJ_86;
			remoteInfo = Swifter;
		};
		D96A54121E294AF600650323 /* PBXContainerItemProxy */ = {
			isa = PBXContainerItemProxy;
			containerPortal = OBJ_1 /* Project object */;
			proxyType = 1;
			remoteGlobalIDString = OBJ_111;
			remoteInfo = Starscream;
		};
		D96A54131E294AF600650323 /* PBXContainerItemProxy */ = {
			isa = PBXContainerItemProxy;
			containerPortal = OBJ_1 /* Project object */;
			proxyType = 1;
			remoteGlobalIDString = OBJ_119;
			remoteInfo = SlackKit;
		};
/* End PBXContainerItemProxy section */

/* Begin PBXFileReference section */
		D902F6271E4F4E3D00EDCA1C /* Starscream.h */ = {isa = PBXFileReference; fileEncoding = 4; lastKnownFileType = sourcecode.c.h; path = Starscream.h; sourceTree = "<group>"; };
		D902F6281E4F4EC700EDCA1C /* Client.swift */ = {isa = PBXFileReference; fileEncoding = 4; lastKnownFileType = sourcecode.swift; name = Client.swift; path = SlackKit/Client.swift; sourceTree = "<group>"; };
		D902F6291E4F4EC700EDCA1C /* Client+EventDispatching.swift */ = {isa = PBXFileReference; fileEncoding = 4; lastKnownFileType = sourcecode.swift; name = "Client+EventDispatching.swift"; path = "SlackKit/Client+EventDispatching.swift"; sourceTree = "<group>"; };
		D902F62A1E4F4EC700EDCA1C /* Client+EventHandling.swift */ = {isa = PBXFileReference; fileEncoding = 4; lastKnownFileType = sourcecode.swift; name = "Client+EventHandling.swift"; path = "SlackKit/Client+EventHandling.swift"; sourceTree = "<group>"; };
		D902F62B1E4F4EC700EDCA1C /* Client+Utilities.swift */ = {isa = PBXFileReference; fileEncoding = 4; lastKnownFileType = sourcecode.swift; name = "Client+Utilities.swift"; path = "SlackKit/Client+Utilities.swift"; sourceTree = "<group>"; };
		D902F62C1E4F4EC700EDCA1C /* EventDelegate.swift */ = {isa = PBXFileReference; fileEncoding = 4; lastKnownFileType = sourcecode.swift; name = EventDelegate.swift; path = SlackKit/EventDelegate.swift; sourceTree = "<group>"; };
		D902F62D1E4F4EC700EDCA1C /* Extensions.swift */ = {isa = PBXFileReference; fileEncoding = 4; lastKnownFileType = sourcecode.swift; name = Extensions.swift; path = SlackKit/Extensions.swift; sourceTree = "<group>"; };
		D902F62E1E4F4EC700EDCA1C /* IncomingWebhook.swift */ = {isa = PBXFileReference; fileEncoding = 4; lastKnownFileType = sourcecode.swift; name = IncomingWebhook.swift; path = SlackKit/IncomingWebhook.swift; sourceTree = "<group>"; };
		D902F62F1E4F4EC700EDCA1C /* MessageActionResponder.swift */ = {isa = PBXFileReference; fileEncoding = 4; lastKnownFileType = sourcecode.swift; name = MessageActionResponder.swift; path = SlackKit/MessageActionResponder.swift; sourceTree = "<group>"; };
		D902F6301E4F4EC700EDCA1C /* MessageActionServer.swift */ = {isa = PBXFileReference; fileEncoding = 4; lastKnownFileType = sourcecode.swift; name = MessageActionServer.swift; path = SlackKit/MessageActionServer.swift; sourceTree = "<group>"; };
		D902F6311E4F4EC700EDCA1C /* NetworkInterface.swift */ = {isa = PBXFileReference; fileEncoding = 4; lastKnownFileType = sourcecode.swift; name = NetworkInterface.swift; path = SlackKit/NetworkInterface.swift; sourceTree = "<group>"; };
		D902F6321E4F4EC700EDCA1C /* OAuthServer.swift */ = {isa = PBXFileReference; fileEncoding = 4; lastKnownFileType = sourcecode.swift; name = OAuthServer.swift; path = SlackKit/OAuthServer.swift; sourceTree = "<group>"; };
		D902F6331E4F4EC700EDCA1C /* Server.swift */ = {isa = PBXFileReference; fileEncoding = 4; lastKnownFileType = sourcecode.swift; name = Server.swift; path = SlackKit/Server.swift; sourceTree = "<group>"; };
		D902F6341E4F4EC700EDCA1C /* SlackKit.swift */ = {isa = PBXFileReference; fileEncoding = 4; lastKnownFileType = sourcecode.swift; name = SlackKit.swift; path = SlackKit/SlackKit.swift; sourceTree = "<group>"; };
		D902F6351E4F4EC700EDCA1C /* WebAPI.swift */ = {isa = PBXFileReference; fileEncoding = 4; lastKnownFileType = sourcecode.swift; name = WebAPI.swift; path = SlackKit/WebAPI.swift; sourceTree = "<group>"; };
		D902F6361E4F4EC700EDCA1C /* WebhookServer.swift */ = {isa = PBXFileReference; fileEncoding = 4; lastKnownFileType = sourcecode.swift; name = WebhookServer.swift; path = SlackKit/WebhookServer.swift; sourceTree = "<group>"; };
		D902F6471E4F4EDA00EDCA1C /* Action.swift */ = {isa = PBXFileReference; fileEncoding = 4; lastKnownFileType = sourcecode.swift; name = Action.swift; path = SlackKit/Model/Action.swift; sourceTree = "<group>"; };
		D902F6481E4F4EDA00EDCA1C /* Attachment.swift */ = {isa = PBXFileReference; fileEncoding = 4; lastKnownFileType = sourcecode.swift; name = Attachment.swift; path = SlackKit/Model/Attachment.swift; sourceTree = "<group>"; };
		D902F6491E4F4EDA00EDCA1C /* AttachmentField.swift */ = {isa = PBXFileReference; fileEncoding = 4; lastKnownFileType = sourcecode.swift; name = AttachmentField.swift; path = SlackKit/Model/AttachmentField.swift; sourceTree = "<group>"; };
		D902F64A1E4F4EDA00EDCA1C /* Bot.swift */ = {isa = PBXFileReference; fileEncoding = 4; lastKnownFileType = sourcecode.swift; name = Bot.swift; path = SlackKit/Model/Bot.swift; sourceTree = "<group>"; };
		D902F64B1E4F4EDA00EDCA1C /* Channel.swift */ = {isa = PBXFileReference; fileEncoding = 4; lastKnownFileType = sourcecode.swift; name = Channel.swift; path = SlackKit/Model/Channel.swift; sourceTree = "<group>"; };
		D902F64C1E4F4EDA00EDCA1C /* ClientOptions.swift */ = {isa = PBXFileReference; fileEncoding = 4; lastKnownFileType = sourcecode.swift; name = ClientOptions.swift; path = SlackKit/Model/ClientOptions.swift; sourceTree = "<group>"; };
		D902F64D1E4F4EDA00EDCA1C /* Comment.swift */ = {isa = PBXFileReference; fileEncoding = 4; lastKnownFileType = sourcecode.swift; name = Comment.swift; path = SlackKit/Model/Comment.swift; sourceTree = "<group>"; };
		D902F64E1E4F4EDA00EDCA1C /* CustomProfile.swift */ = {isa = PBXFileReference; fileEncoding = 4; lastKnownFileType = sourcecode.swift; name = CustomProfile.swift; path = SlackKit/Model/CustomProfile.swift; sourceTree = "<group>"; };
		D902F64F1E4F4EDA00EDCA1C /* CustomProfileField.swift */ = {isa = PBXFileReference; fileEncoding = 4; lastKnownFileType = sourcecode.swift; name = CustomProfileField.swift; path = SlackKit/Model/CustomProfileField.swift; sourceTree = "<group>"; };
		D902F6501E4F4EDA00EDCA1C /* DoNotDisturbStatus.swift */ = {isa = PBXFileReference; fileEncoding = 4; lastKnownFileType = sourcecode.swift; name = DoNotDisturbStatus.swift; path = SlackKit/Model/DoNotDisturbStatus.swift; sourceTree = "<group>"; };
		D902F6511E4F4EDA00EDCA1C /* Edited.swift */ = {isa = PBXFileReference; fileEncoding = 4; lastKnownFileType = sourcecode.swift; name = Edited.swift; path = SlackKit/Model/Edited.swift; sourceTree = "<group>"; };
		D902F6521E4F4EDA00EDCA1C /* Event.swift */ = {isa = PBXFileReference; fileEncoding = 4; lastKnownFileType = sourcecode.swift; name = Event.swift; path = SlackKit/Model/Event.swift; sourceTree = "<group>"; };
		D902F6531E4F4EDA00EDCA1C /* File.swift */ = {isa = PBXFileReference; fileEncoding = 4; lastKnownFileType = sourcecode.swift; name = File.swift; path = SlackKit/Model/File.swift; sourceTree = "<group>"; };
		D902F6541E4F4EDA00EDCA1C /* History.swift */ = {isa = PBXFileReference; fileEncoding = 4; lastKnownFileType = sourcecode.swift; name = History.swift; path = SlackKit/Model/History.swift; sourceTree = "<group>"; };
		D902F6551E4F4EDA00EDCA1C /* Item.swift */ = {isa = PBXFileReference; fileEncoding = 4; lastKnownFileType = sourcecode.swift; name = Item.swift; path = SlackKit/Model/Item.swift; sourceTree = "<group>"; };
		D902F6561E4F4EDA00EDCA1C /* Message.swift */ = {isa = PBXFileReference; fileEncoding = 4; lastKnownFileType = sourcecode.swift; name = Message.swift; path = SlackKit/Model/Message.swift; sourceTree = "<group>"; };
		D902F6571E4F4EDA00EDCA1C /* Reaction.swift */ = {isa = PBXFileReference; fileEncoding = 4; lastKnownFileType = sourcecode.swift; name = Reaction.swift; path = SlackKit/Model/Reaction.swift; sourceTree = "<group>"; };
		D902F6581E4F4EDA00EDCA1C /* SlackError.swift */ = {isa = PBXFileReference; fileEncoding = 4; lastKnownFileType = sourcecode.swift; name = SlackError.swift; path = SlackKit/Model/SlackError.swift; sourceTree = "<group>"; };
		D902F6591E4F4EDA00EDCA1C /* Team.swift */ = {isa = PBXFileReference; fileEncoding = 4; lastKnownFileType = sourcecode.swift; name = Team.swift; path = SlackKit/Model/Team.swift; sourceTree = "<group>"; };
		D902F65A1E4F4EDA00EDCA1C /* TeamIcon.swift */ = {isa = PBXFileReference; fileEncoding = 4; lastKnownFileType = sourcecode.swift; name = TeamIcon.swift; path = SlackKit/Model/TeamIcon.swift; sourceTree = "<group>"; };
		D902F65B1E4F4EDA00EDCA1C /* Topic.swift */ = {isa = PBXFileReference; fileEncoding = 4; lastKnownFileType = sourcecode.swift; name = Topic.swift; path = SlackKit/Model/Topic.swift; sourceTree = "<group>"; };
		D902F65C1E4F4EDA00EDCA1C /* User.swift */ = {isa = PBXFileReference; fileEncoding = 4; lastKnownFileType = sourcecode.swift; name = User.swift; path = SlackKit/Model/User.swift; sourceTree = "<group>"; };
		D902F65D1E4F4EDA00EDCA1C /* UserGroup.swift */ = {isa = PBXFileReference; fileEncoding = 4; lastKnownFileType = sourcecode.swift; name = UserGroup.swift; path = SlackKit/Model/UserGroup.swift; sourceTree = "<group>"; };
		D902F6761E4F4EE800EDCA1C /* AuthorizeRequest.swift */ = {isa = PBXFileReference; fileEncoding = 4; lastKnownFileType = sourcecode.swift; name = AuthorizeRequest.swift; path = SlackKit/Model/Auth/AuthorizeRequest.swift; sourceTree = "<group>"; };
		D902F6771E4F4EE800EDCA1C /* AuthorizeResponse.swift */ = {isa = PBXFileReference; fileEncoding = 4; lastKnownFileType = sourcecode.swift; name = AuthorizeResponse.swift; path = SlackKit/Model/Auth/AuthorizeResponse.swift; sourceTree = "<group>"; };
		D902F6781E4F4EE800EDCA1C /* OAuthResponse.swift */ = {isa = PBXFileReference; fileEncoding = 4; lastKnownFileType = sourcecode.swift; name = OAuthResponse.swift; path = SlackKit/Model/Auth/OAuthResponse.swift; sourceTree = "<group>"; };
		D902F6791E4F4EE800EDCA1C /* Scope.swift */ = {isa = PBXFileReference; fileEncoding = 4; lastKnownFileType = sourcecode.swift; name = Scope.swift; path = SlackKit/Model/Auth/Scope.swift; sourceTree = "<group>"; };
		D902F67F1E4F4F0300EDCA1C /* MessageActionRequest.swift */ = {isa = PBXFileReference; fileEncoding = 4; lastKnownFileType = sourcecode.swift; name = MessageActionRequest.swift; path = SlackKit/Model/Server/MessageActionRequest.swift; sourceTree = "<group>"; };
		D902F6801E4F4F0300EDCA1C /* Response.swift */ = {isa = PBXFileReference; fileEncoding = 4; lastKnownFileType = sourcecode.swift; name = Response.swift; path = SlackKit/Model/Server/Response.swift; sourceTree = "<group>"; };
		D902F6811E4F4F0300EDCA1C /* WebhookRequest.swift */ = {isa = PBXFileReference; fileEncoding = 4; lastKnownFileType = sourcecode.swift; name = WebhookRequest.swift; path = SlackKit/Model/Server/WebhookRequest.swift; sourceTree = "<group>"; };
		D902F6851E4F4F6800EDCA1C /* SCAction.swift */ = {isa = PBXFileReference; fileEncoding = 4; lastKnownFileType = sourcecode.swift; path = SCAction.swift; sourceTree = "<group>"; };
		D96A54141E294B3800650323 /* main.swift */ = {isa = PBXFileReference; fileEncoding = 4; lastKnownFileType = sourcecode.swift; path = main.swift; sourceTree = "<group>"; };
		D96A54151E294B3800650323 /* Utils.swift */ = {isa = PBXFileReference; fileEncoding = 4; lastKnownFileType = sourcecode.swift; path = Utils.swift; sourceTree = "<group>"; };
		D96A541A1E295C5100650323 /* JarvisBot.swift */ = {isa = PBXFileReference; fileEncoding = 4; lastKnownFileType = sourcecode.swift; path = JarvisBot.swift; sourceTree = "<group>"; };
		D96A541E1E2960A600650323 /* GifAction.swift */ = {isa = PBXFileReference; fileEncoding = 4; lastKnownFileType = sourcecode.swift; path = GifAction.swift; sourceTree = "<group>"; };
		D96A54201E2961F400650323 /* Actions.swift */ = {isa = PBXFileReference; fileEncoding = 4; lastKnownFileType = sourcecode.swift; path = Actions.swift; sourceTree = "<group>"; };
		OBJ_10 /* Errno.swift */ = {isa = PBXFileReference; lastKnownFileType = sourcecode.swift; path = Errno.swift; sourceTree = "<group>"; };
		OBJ_11 /* Files.swift */ = {isa = PBXFileReference; lastKnownFileType = sourcecode.swift; path = Files.swift; sourceTree = "<group>"; };
		OBJ_12 /* HttpParser.swift */ = {isa = PBXFileReference; lastKnownFileType = sourcecode.swift; path = HttpParser.swift; sourceTree = "<group>"; };
		OBJ_13 /* HttpRequest.swift */ = {isa = PBXFileReference; lastKnownFileType = sourcecode.swift; path = HttpRequest.swift; sourceTree = "<group>"; };
		OBJ_14 /* HttpResponse.swift */ = {isa = PBXFileReference; lastKnownFileType = sourcecode.swift; path = HttpResponse.swift; sourceTree = "<group>"; };
		OBJ_15 /* HttpRouter.swift */ = {isa = PBXFileReference; lastKnownFileType = sourcecode.swift; path = HttpRouter.swift; sourceTree = "<group>"; };
		OBJ_16 /* HttpServer.swift */ = {isa = PBXFileReference; lastKnownFileType = sourcecode.swift; path = HttpServer.swift; sourceTree = "<group>"; };
		OBJ_17 /* HttpServerIO.swift */ = {isa = PBXFileReference; lastKnownFileType = sourcecode.swift; path = HttpServerIO.swift; sourceTree = "<group>"; };
		OBJ_18 /* Process.swift */ = {isa = PBXFileReference; lastKnownFileType = sourcecode.swift; path = Process.swift; sourceTree = "<group>"; };
		OBJ_19 /* Scopes.swift */ = {isa = PBXFileReference; lastKnownFileType = sourcecode.swift; path = Scopes.swift; sourceTree = "<group>"; };
		OBJ_20 /* Socket+File.swift */ = {isa = PBXFileReference; lastKnownFileType = sourcecode.swift; path = "Socket+File.swift"; sourceTree = "<group>"; };
		OBJ_21 /* Socket+Server.swift */ = {isa = PBXFileReference; lastKnownFileType = sourcecode.swift; path = "Socket+Server.swift"; sourceTree = "<group>"; };
		OBJ_22 /* Socket.swift */ = {isa = PBXFileReference; lastKnownFileType = sourcecode.swift; path = Socket.swift; sourceTree = "<group>"; };
		OBJ_23 /* String+BASE64.swift */ = {isa = PBXFileReference; lastKnownFileType = sourcecode.swift; path = "String+BASE64.swift"; sourceTree = "<group>"; };
		OBJ_24 /* String+File.swift */ = {isa = PBXFileReference; lastKnownFileType = sourcecode.swift; path = "String+File.swift"; sourceTree = "<group>"; };
		OBJ_25 /* String+Misc.swift */ = {isa = PBXFileReference; lastKnownFileType = sourcecode.swift; path = "String+Misc.swift"; sourceTree = "<group>"; };
		OBJ_26 /* String+SHA1.swift */ = {isa = PBXFileReference; lastKnownFileType = sourcecode.swift; path = "String+SHA1.swift"; sourceTree = "<group>"; };
		OBJ_27 /* WebSockets.swift */ = {isa = PBXFileReference; lastKnownFileType = sourcecode.swift; path = WebSockets.swift; sourceTree = "<group>"; };
		OBJ_29 /* SSLSecurity.swift */ = {isa = PBXFileReference; lastKnownFileType = sourcecode.swift; path = SSLSecurity.swift; sourceTree = "<group>"; };
		OBJ_30 /* WebSocket.swift */ = {isa = PBXFileReference; lastKnownFileType = sourcecode.swift; path = WebSocket.swift; sourceTree = "<group>"; };
		OBJ_6 /* Package.swift */ = {isa = PBXFileReference; explicitFileType = sourcecode.swift; path = Package.swift; sourceTree = "<group>"; };
		OBJ_82 /* Swifter.framework */ = {isa = PBXFileReference; explicitFileType = wrapper.framework; path = Swifter.framework; sourceTree = BUILT_PRODUCTS_DIR; };
		OBJ_83 /* Starscream.framework */ = {isa = PBXFileReference; explicitFileType = wrapper.framework; path = Starscream.framework; sourceTree = BUILT_PRODUCTS_DIR; };
		OBJ_84 /* SlackKit.framework */ = {isa = PBXFileReference; explicitFileType = wrapper.framework; path = SlackKit.framework; sourceTree = BUILT_PRODUCTS_DIR; };
		OBJ_85 /* JarvisBot */ = {isa = PBXFileReference; explicitFileType = "compiled.mach-o.executable"; path = JarvisBot; sourceTree = BUILT_PRODUCTS_DIR; };
		OBJ_9 /* DemoServer.swift */ = {isa = PBXFileReference; lastKnownFileType = sourcecode.swift; path = DemoServer.swift; sourceTree = "<group>"; };
/* End PBXFileReference section */

/* Begin PBXFrameworksBuildPhase section */
		OBJ_110 /* Frameworks */ = {
			isa = PBXFrameworksBuildPhase;
			buildActionMask = 0;
			files = (
			);
			runOnlyForDeploymentPostprocessing = 0;
		};
		OBJ_118 /* Frameworks */ = {
			isa = PBXFrameworksBuildPhase;
			buildActionMask = 0;
			files = (
			);
			runOnlyForDeploymentPostprocessing = 0;
		};
		OBJ_169 /* Frameworks */ = {
			isa = PBXFrameworksBuildPhase;
			buildActionMask = 0;
			files = (
				OBJ_170 /* Swifter.framework in Frameworks */,
				OBJ_171 /* Starscream.framework in Frameworks */,
			);
			runOnlyForDeploymentPostprocessing = 0;
		};
		OBJ_180 /* Frameworks */ = {
			isa = PBXFrameworksBuildPhase;
			buildActionMask = 0;
			files = (
				OBJ_181 /* Swifter.framework in Frameworks */,
				OBJ_182 /* Starscream.framework in Frameworks */,
				OBJ_183 /* SlackKit.framework in Frameworks */,
			);
			runOnlyForDeploymentPostprocessing = 0;
		};
/* End PBXFrameworksBuildPhase section */

/* Begin PBXGroup section */
		D902F6461E4F4ECB00EDCA1C /* Model */ = {
			isa = PBXGroup;
			children = (
				D902F6751E4F4EDD00EDCA1C /* Auth */,
				D902F6471E4F4EDA00EDCA1C /* Action.swift */,
				D902F6481E4F4EDA00EDCA1C /* Attachment.swift */,
				D902F6491E4F4EDA00EDCA1C /* AttachmentField.swift */,
				D902F64A1E4F4EDA00EDCA1C /* Bot.swift */,
				D902F64B1E4F4EDA00EDCA1C /* Channel.swift */,
				D902F64C1E4F4EDA00EDCA1C /* ClientOptions.swift */,
				D902F64D1E4F4EDA00EDCA1C /* Comment.swift */,
				D902F64E1E4F4EDA00EDCA1C /* CustomProfile.swift */,
				D902F64F1E4F4EDA00EDCA1C /* CustomProfileField.swift */,
				D902F6501E4F4EDA00EDCA1C /* DoNotDisturbStatus.swift */,
				D902F6511E4F4EDA00EDCA1C /* Edited.swift */,
				D902F6521E4F4EDA00EDCA1C /* Event.swift */,
				D902F6531E4F4EDA00EDCA1C /* File.swift */,
				D902F6541E4F4EDA00EDCA1C /* History.swift */,
				D902F6551E4F4EDA00EDCA1C /* Item.swift */,
				D902F6561E4F4EDA00EDCA1C /* Message.swift */,
				D902F6571E4F4EDA00EDCA1C /* Reaction.swift */,
				D902F6581E4F4EDA00EDCA1C /* SlackError.swift */,
				D902F6591E4F4EDA00EDCA1C /* Team.swift */,
				D902F65A1E4F4EDA00EDCA1C /* TeamIcon.swift */,
				D902F65B1E4F4EDA00EDCA1C /* Topic.swift */,
				D902F67E1E4F4EED00EDCA1C /* Server */,
				D902F65C1E4F4EDA00EDCA1C /* User.swift */,
				D902F65D1E4F4EDA00EDCA1C /* UserGroup.swift */,
			);
			name = Model;
			sourceTree = "<group>";
		};
		D902F6751E4F4EDD00EDCA1C /* Auth */ = {
			isa = PBXGroup;
			children = (
				D902F6761E4F4EE800EDCA1C /* AuthorizeRequest.swift */,
				D902F6771E4F4EE800EDCA1C /* AuthorizeResponse.swift */,
				D902F6781E4F4EE800EDCA1C /* OAuthResponse.swift */,
				D902F6791E4F4EE800EDCA1C /* Scope.swift */,
			);
			name = Auth;
			sourceTree = "<group>";
		};
		D902F67E1E4F4EED00EDCA1C /* Server */ = {
			isa = PBXGroup;
			children = (
				D902F67F1E4F4F0300EDCA1C /* MessageActionRequest.swift */,
				D902F6801E4F4F0300EDCA1C /* Response.swift */,
				D902F6811E4F4F0300EDCA1C /* WebhookRequest.swift */,
			);
			name = Server;
			sourceTree = "<group>";
		};
		D96A541C1E29605200650323 /* Helpers */ = {
			isa = PBXGroup;
			children = (
				D96A54151E294B3800650323 /* Utils.swift */,
			);
			name = Helpers;
			sourceTree = "<group>";
		};
		D96A541D1E29605D00650323 /* Actions */ = {
			isa = PBXGroup;
			children = (
				D96A541E1E2960A600650323 /* GifAction.swift */,
				D96A54201E2961F400650323 /* Actions.swift */,
				D902F6851E4F4F6800EDCA1C /* SCAction.swift */,
			);
			name = Actions;
			sourceTree = "<group>";
		};
		OBJ_28 /* Starscream */ = {
			isa = PBXGroup;
			children = (
				D902F6271E4F4E3D00EDCA1C /* Starscream.h */,
				OBJ_29 /* SSLSecurity.swift */,
				OBJ_30 /* WebSocket.swift */,
			);
			name = Starscream;
			path = "Packages/Starscream-2.0.3/Source";
			sourceTree = SOURCE_ROOT;
		};
		OBJ_31 /* SlackKit */ = {
			isa = PBXGroup;
			children = (
				OBJ_32 /* Sources */,
			);
			name = SlackKit;
			path = "Packages/SlackKit-3.1.9";
			sourceTree = SOURCE_ROOT;
		};
		OBJ_32 /* Sources */ = {
			isa = PBXGroup;
			children = (
				D902F6461E4F4ECB00EDCA1C /* Model */,
				D902F6281E4F4EC700EDCA1C /* Client.swift */,
				D902F6291E4F4EC700EDCA1C /* Client+EventDispatching.swift */,
				D902F62A1E4F4EC700EDCA1C /* Client+EventHandling.swift */,
				D902F62B1E4F4EC700EDCA1C /* Client+Utilities.swift */,
				D902F62C1E4F4EC700EDCA1C /* EventDelegate.swift */,
				D902F62D1E4F4EC700EDCA1C /* Extensions.swift */,
				D902F62E1E4F4EC700EDCA1C /* IncomingWebhook.swift */,
				D902F62F1E4F4EC700EDCA1C /* MessageActionResponder.swift */,
				D902F6301E4F4EC700EDCA1C /* MessageActionServer.swift */,
				D902F6311E4F4EC700EDCA1C /* NetworkInterface.swift */,
				D902F6321E4F4EC700EDCA1C /* OAuthServer.swift */,
				D902F6331E4F4EC700EDCA1C /* Server.swift */,
				D902F6341E4F4EC700EDCA1C /* SlackKit.swift */,
				D902F6351E4F4EC700EDCA1C /* WebAPI.swift */,
				D902F6361E4F4EC700EDCA1C /* WebhookServer.swift */,
			);
			path = Sources;
			sourceTree = "<group>";
		};
		OBJ_5 = {
			isa = PBXGroup;
			children = (
				OBJ_6 /* Package.swift */,
				OBJ_7 /* Sources */,
				OBJ_80 /* Tests */,
				OBJ_81 /* Products */,
			);
			sourceTree = "<group>";
		};
		OBJ_7 /* Sources */ = {
			isa = PBXGroup;
			children = (
				OBJ_8 /* Swifter */,
				OBJ_28 /* Starscream */,
				OBJ_31 /* SlackKit */,
				OBJ_78 /* JarvisBot */,
			);
			path = Sources;
			sourceTree = "<group>";
		};
		OBJ_78 /* JarvisBot */ = {
			isa = PBXGroup;
			children = (
				D96A541D1E29605D00650323 /* Actions */,
				D96A541C1E29605200650323 /* Helpers */,
				D96A54141E294B3800650323 /* main.swift */,
				D96A541A1E295C5100650323 /* JarvisBot.swift */,
			);
			name = JarvisBot;
			path = Sources;
			sourceTree = SOURCE_ROOT;
		};
		OBJ_8 /* Swifter */ = {
			isa = PBXGroup;
			children = (
				OBJ_9 /* DemoServer.swift */,
				OBJ_10 /* Errno.swift */,
				OBJ_11 /* Files.swift */,
				OBJ_12 /* HttpParser.swift */,
				OBJ_13 /* HttpRequest.swift */,
				OBJ_14 /* HttpResponse.swift */,
				OBJ_15 /* HttpRouter.swift */,
				OBJ_16 /* HttpServer.swift */,
				OBJ_17 /* HttpServerIO.swift */,
				OBJ_18 /* Process.swift */,
				OBJ_19 /* Scopes.swift */,
				OBJ_20 /* Socket+File.swift */,
				OBJ_21 /* Socket+Server.swift */,
				OBJ_22 /* Socket.swift */,
				OBJ_23 /* String+BASE64.swift */,
				OBJ_24 /* String+File.swift */,
				OBJ_25 /* String+Misc.swift */,
				OBJ_26 /* String+SHA1.swift */,
				OBJ_27 /* WebSockets.swift */,
			);
			name = Swifter;
			path = "Packages/Swifter-3.0.4/Sources";
			sourceTree = SOURCE_ROOT;
		};
		OBJ_80 /* Tests */ = {
			isa = PBXGroup;
			children = (
			);
			path = Tests;
			sourceTree = "<group>";
		};
		OBJ_81 /* Products */ = {
			isa = PBXGroup;
			children = (
				OBJ_82 /* Swifter.framework */,
				OBJ_83 /* Starscream.framework */,
				OBJ_84 /* SlackKit.framework */,
				OBJ_85 /* JarvisBot */,
			);
			name = Products;
			sourceTree = BUILT_PRODUCTS_DIR;
		};
/* End PBXGroup section */

/* Begin PBXNativeTarget section */
		OBJ_111 /* Starscream */ = {
			isa = PBXNativeTarget;
			buildConfigurationList = OBJ_112 /* Build configuration list for PBXNativeTarget "Starscream" */;
			buildPhases = (
				OBJ_115 /* Sources */,
				OBJ_118 /* Frameworks */,
			);
			buildRules = (
			);
			dependencies = (
			);
			name = Starscream;
			productName = Starscream;
			productReference = OBJ_83 /* Starscream.framework */;
			productType = "com.apple.product-type.framework";
		};
		OBJ_119 /* SlackKit */ = {
			isa = PBXNativeTarget;
			buildConfigurationList = OBJ_120 /* Build configuration list for PBXNativeTarget "SlackKit" */;
			buildPhases = (
				OBJ_123 /* Sources */,
				OBJ_169 /* Frameworks */,
			);
			buildRules = (
			);
			dependencies = (
				OBJ_172 /* PBXTargetDependency */,
				OBJ_173 /* PBXTargetDependency */,
			);
			name = SlackKit;
			productName = SlackKit;
			productReference = OBJ_84 /* SlackKit.framework */;
			productType = "com.apple.product-type.framework";
		};
		OBJ_174 /* JarvisBot */ = {
			isa = PBXNativeTarget;
			buildConfigurationList = OBJ_175 /* Build configuration list for PBXNativeTarget "JarvisBot" */;
			buildPhases = (
				OBJ_178 /* Sources */,
				OBJ_180 /* Frameworks */,
			);
			buildRules = (
			);
			dependencies = (
				OBJ_184 /* PBXTargetDependency */,
				OBJ_185 /* PBXTargetDependency */,
				OBJ_186 /* PBXTargetDependency */,
			);
			name = JarvisBot;
			productName = JarvisBot;
			productReference = OBJ_85 /* JarvisBot */;
			productType = "com.apple.product-type.tool";
		};
		OBJ_86 /* Swifter */ = {
			isa = PBXNativeTarget;
			buildConfigurationList = OBJ_87 /* Build configuration list for PBXNativeTarget "Swifter" */;
			buildPhases = (
				OBJ_90 /* Sources */,
				OBJ_110 /* Frameworks */,
			);
			buildRules = (
			);
			dependencies = (
			);
			name = Swifter;
			productName = Swifter;
			productReference = OBJ_82 /* Swifter.framework */;
			productType = "com.apple.product-type.framework";
		};
/* End PBXNativeTarget section */

/* Begin PBXProject section */
		OBJ_1 /* Project object */ = {
			isa = PBXProject;
			attributes = {
				LastUpgradeCheck = 9999;
				TargetAttributes = {
					OBJ_119 = {
						LastSwiftMigration = 0820;
					};
					OBJ_174 = {
						LastSwiftMigration = 0820;
					};
				};
			};
			buildConfigurationList = OBJ_2 /* Build configuration list for PBXProject "JarvisBot" */;
			compatibilityVersion = "Xcode 3.2";
			developmentRegion = English;
			hasScannedForEncodings = 0;
			knownRegions = (
				en,
			);
			mainGroup = OBJ_5;
			productRefGroup = OBJ_81 /* Products */;
			projectDirPath = "";
			projectRoot = "";
			targets = (
				OBJ_86 /* Swifter */,
				OBJ_111 /* Starscream */,
				OBJ_119 /* SlackKit */,
				OBJ_174 /* JarvisBot */,
			);
		};
/* End PBXProject section */

/* Begin PBXSourcesBuildPhase section */
		OBJ_115 /* Sources */ = {
			isa = PBXSourcesBuildPhase;
			buildActionMask = 0;
			files = (
				OBJ_116 /* SSLSecurity.swift in Sources */,
				OBJ_117 /* WebSocket.swift in Sources */,
			);
			runOnlyForDeploymentPostprocessing = 0;
		};
		OBJ_123 /* Sources */ = {
			isa = PBXSourcesBuildPhase;
			buildActionMask = 0;
			files = (
				D902F6391E4F4EC700EDCA1C /* Client+EventHandling.swift in Sources */,
				D902F6721E4F4EDB00EDCA1C /* Topic.swift in Sources */,
				D902F6741E4F4EDB00EDCA1C /* UserGroup.swift in Sources */,
				D902F6651E4F4EDA00EDCA1C /* CustomProfile.swift in Sources */,
				D902F6621E4F4EDA00EDCA1C /* Channel.swift in Sources */,
				D902F63C1E4F4EC700EDCA1C /* Extensions.swift in Sources */,
				D902F6611E4F4EDA00EDCA1C /* Bot.swift in Sources */,
				D902F63F1E4F4EC700EDCA1C /* MessageActionServer.swift in Sources */,
				D902F6431E4F4EC700EDCA1C /* SlackKit.swift in Sources */,
				D902F63D1E4F4EC700EDCA1C /* IncomingWebhook.swift in Sources */,
				D902F6701E4F4EDB00EDCA1C /* Team.swift in Sources */,
				D902F67A1E4F4EE800EDCA1C /* AuthorizeRequest.swift in Sources */,
				D902F67B1E4F4EE800EDCA1C /* AuthorizeResponse.swift in Sources */,
				D902F65E1E4F4EDA00EDCA1C /* Action.swift in Sources */,
				D902F66A1E4F4EDA00EDCA1C /* File.swift in Sources */,
				D902F66C1E4F4EDA00EDCA1C /* Item.swift in Sources */,
				D902F6671E4F4EDA00EDCA1C /* DoNotDisturbStatus.swift in Sources */,
				D902F6691E4F4EDA00EDCA1C /* Event.swift in Sources */,
				D902F65F1E4F4EDA00EDCA1C /* Attachment.swift in Sources */,
				D902F6641E4F4EDA00EDCA1C /* Comment.swift in Sources */,
				D902F6661E4F4EDA00EDCA1C /* CustomProfileField.swift in Sources */,
				D902F6821E4F4F0300EDCA1C /* MessageActionRequest.swift in Sources */,
				D902F6441E4F4EC700EDCA1C /* WebAPI.swift in Sources */,
				D902F67D1E4F4EE800EDCA1C /* Scope.swift in Sources */,
				D902F6381E4F4EC700EDCA1C /* Client+EventDispatching.swift in Sources */,
				D902F63E1E4F4EC700EDCA1C /* MessageActionResponder.swift in Sources */,
				D902F63B1E4F4EC700EDCA1C /* EventDelegate.swift in Sources */,
				D902F6711E4F4EDB00EDCA1C /* TeamIcon.swift in Sources */,
				D902F6731E4F4EDB00EDCA1C /* User.swift in Sources */,
				D902F66D1E4F4EDA00EDCA1C /* Message.swift in Sources */,
				D902F6451E4F4EC700EDCA1C /* WebhookServer.swift in Sources */,
				D902F66F1E4F4EDB00EDCA1C /* SlackError.swift in Sources */,
				D902F6371E4F4EC700EDCA1C /* Client.swift in Sources */,
				D902F6411E4F4EC700EDCA1C /* OAuthServer.swift in Sources */,
				D902F6401E4F4EC700EDCA1C /* NetworkInterface.swift in Sources */,
				D902F66B1E4F4EDA00EDCA1C /* History.swift in Sources */,
				D902F67C1E4F4EE800EDCA1C /* OAuthResponse.swift in Sources */,
				D902F6601E4F4EDA00EDCA1C /* AttachmentField.swift in Sources */,
				D902F6681E4F4EDA00EDCA1C /* Edited.swift in Sources */,
				D902F6421E4F4EC700EDCA1C /* Server.swift in Sources */,
				D902F6841E4F4F0300EDCA1C /* WebhookRequest.swift in Sources */,
				D902F6831E4F4F0300EDCA1C /* Response.swift in Sources */,
				D902F63A1E4F4EC700EDCA1C /* Client+Utilities.swift in Sources */,
				D902F66E1E4F4EDB00EDCA1C /* Reaction.swift in Sources */,
				D902F6631E4F4EDA00EDCA1C /* ClientOptions.swift in Sources */,
			);
			runOnlyForDeploymentPostprocessing = 0;
		};
		OBJ_178 /* Sources */ = {
			isa = PBXSourcesBuildPhase;
			buildActionMask = 0;
			files = (
				D96A54211E2961F400650323 /* Actions.swift in Sources */,
				D96A541B1E295C5100650323 /* JarvisBot.swift in Sources */,
				D96A54191E2959E400650323 /* main.swift in Sources */,
				D902F6861E4F4F6800EDCA1C /* SCAction.swift in Sources */,
				D96A541F1E2960A600650323 /* GifAction.swift in Sources */,
				D96A54181E2959E100650323 /* Utils.swift in Sources */,
			);
			runOnlyForDeploymentPostprocessing = 0;
		};
		OBJ_90 /* Sources */ = {
			isa = PBXSourcesBuildPhase;
			buildActionMask = 0;
			files = (
				OBJ_91 /* DemoServer.swift in Sources */,
				OBJ_92 /* Errno.swift in Sources */,
				OBJ_93 /* Files.swift in Sources */,
				OBJ_94 /* HttpParser.swift in Sources */,
				OBJ_95 /* HttpRequest.swift in Sources */,
				OBJ_96 /* HttpResponse.swift in Sources */,
				OBJ_97 /* HttpRouter.swift in Sources */,
				OBJ_98 /* HttpServer.swift in Sources */,
				OBJ_99 /* HttpServerIO.swift in Sources */,
				OBJ_100 /* Process.swift in Sources */,
				OBJ_101 /* Scopes.swift in Sources */,
				OBJ_102 /* Socket+File.swift in Sources */,
				OBJ_103 /* Socket+Server.swift in Sources */,
				OBJ_104 /* Socket.swift in Sources */,
				OBJ_105 /* String+BASE64.swift in Sources */,
				OBJ_106 /* String+File.swift in Sources */,
				OBJ_107 /* String+Misc.swift in Sources */,
				OBJ_108 /* String+SHA1.swift in Sources */,
				OBJ_109 /* WebSockets.swift in Sources */,
			);
			runOnlyForDeploymentPostprocessing = 0;
		};
/* End PBXSourcesBuildPhase section */

/* Begin PBXTargetDependency section */
		OBJ_172 /* PBXTargetDependency */ = {
			isa = PBXTargetDependency;
			target = OBJ_86 /* Swifter */;
			targetProxy = D96A540F1E294AF600650323 /* PBXContainerItemProxy */;
		};
		OBJ_173 /* PBXTargetDependency */ = {
			isa = PBXTargetDependency;
			target = OBJ_111 /* Starscream */;
			targetProxy = D96A54101E294AF600650323 /* PBXContainerItemProxy */;
		};
		OBJ_184 /* PBXTargetDependency */ = {
			isa = PBXTargetDependency;
			target = OBJ_86 /* Swifter */;
			targetProxy = D96A54111E294AF600650323 /* PBXContainerItemProxy */;
		};
		OBJ_185 /* PBXTargetDependency */ = {
			isa = PBXTargetDependency;
			target = OBJ_111 /* Starscream */;
			targetProxy = D96A54121E294AF600650323 /* PBXContainerItemProxy */;
		};
		OBJ_186 /* PBXTargetDependency */ = {
			isa = PBXTargetDependency;
			target = OBJ_119 /* SlackKit */;
			targetProxy = D96A54131E294AF600650323 /* PBXContainerItemProxy */;
		};
/* End PBXTargetDependency section */

/* Begin XCBuildConfiguration section */
		OBJ_113 /* Debug */ = {
			isa = XCBuildConfiguration;
			buildSettings = {
				ENABLE_TESTABILITY = YES;
				FRAMEWORK_SEARCH_PATHS = (
					"$(inherited)",
					"$(PLATFORM_DIR)/Developer/Library/Frameworks",
				);
				HEADER_SEARCH_PATHS = "$(inherited)";
				INFOPLIST_FILE = JarvisBot.xcodeproj/Starscream_Info.plist;
				LD_RUNPATH_SEARCH_PATHS = "$(TOOLCHAIN_DIR)/usr/lib/swift/macosx";
				OTHER_LDFLAGS = "$(inherited)";
				OTHER_SWIFT_FLAGS = "$(inherited)";
				PRODUCT_BUNDLE_IDENTIFIER = Starscream;
				PRODUCT_MODULE_NAME = "$(TARGET_NAME:c99extidentifier)";
				PRODUCT_NAME = "$(TARGET_NAME:c99extidentifier)";
				TARGET_NAME = Starscream;
			};
			name = Debug;
		};
		OBJ_114 /* Release */ = {
			isa = XCBuildConfiguration;
			buildSettings = {
				ENABLE_TESTABILITY = YES;
				FRAMEWORK_SEARCH_PATHS = (
					"$(inherited)",
					"$(PLATFORM_DIR)/Developer/Library/Frameworks",
				);
				HEADER_SEARCH_PATHS = "$(inherited)";
				INFOPLIST_FILE = JarvisBot.xcodeproj/Starscream_Info.plist;
				LD_RUNPATH_SEARCH_PATHS = "$(TOOLCHAIN_DIR)/usr/lib/swift/macosx";
				OTHER_LDFLAGS = "$(inherited)";
				OTHER_SWIFT_FLAGS = "$(inherited)";
				PRODUCT_BUNDLE_IDENTIFIER = Starscream;
				PRODUCT_MODULE_NAME = "$(TARGET_NAME:c99extidentifier)";
				PRODUCT_NAME = "$(TARGET_NAME:c99extidentifier)";
				TARGET_NAME = Starscream;
			};
			name = Release;
		};
		OBJ_121 /* Debug */ = {
			isa = XCBuildConfiguration;
			buildSettings = {
				CLANG_ENABLE_MODULES = YES;
				DEFINES_MODULE = YES;
				ENABLE_TESTABILITY = YES;
				FRAMEWORK_SEARCH_PATHS = (
					"$(inherited)",
					"$(PLATFORM_DIR)/Developer/Library/Frameworks",
				);
				HEADER_SEARCH_PATHS = "$(inherited)";
				INFOPLIST_FILE = JarvisBot.xcodeproj/SlackKit_Info.plist;
				LD_RUNPATH_SEARCH_PATHS = "$(TOOLCHAIN_DIR)/usr/lib/swift/macosx";
				OTHER_LDFLAGS = "$(inherited)";
				OTHER_SWIFT_FLAGS = "$(inherited)";
				PRODUCT_BUNDLE_IDENTIFIER = SlackKit;
				PRODUCT_MODULE_NAME = "$(TARGET_NAME:c99extidentifier)";
				PRODUCT_NAME = "$(TARGET_NAME:c99extidentifier)";
				SWIFT_OPTIMIZATION_LEVEL = "-Onone";
				SWIFT_VERSION = 3.0;
				TARGET_NAME = SlackKit;
			};
			name = Debug;
		};
		OBJ_122 /* Release */ = {
			isa = XCBuildConfiguration;
			buildSettings = {
				CLANG_ENABLE_MODULES = YES;
				DEFINES_MODULE = YES;
				ENABLE_TESTABILITY = YES;
				FRAMEWORK_SEARCH_PATHS = (
					"$(inherited)",
					"$(PLATFORM_DIR)/Developer/Library/Frameworks",
				);
				HEADER_SEARCH_PATHS = "$(inherited)";
				INFOPLIST_FILE = JarvisBot.xcodeproj/SlackKit_Info.plist;
				LD_RUNPATH_SEARCH_PATHS = "$(TOOLCHAIN_DIR)/usr/lib/swift/macosx";
				OTHER_LDFLAGS = "$(inherited)";
				OTHER_SWIFT_FLAGS = "$(inherited)";
				PRODUCT_BUNDLE_IDENTIFIER = SlackKit;
				PRODUCT_MODULE_NAME = "$(TARGET_NAME:c99extidentifier)";
				PRODUCT_NAME = "$(TARGET_NAME:c99extidentifier)";
				SWIFT_VERSION = 3.0;
				TARGET_NAME = SlackKit;
			};
			name = Release;
		};
		OBJ_176 /* Debug */ = {
			isa = XCBuildConfiguration;
			buildSettings = {
				CLANG_ENABLE_MODULES = YES;
				FRAMEWORK_SEARCH_PATHS = (
					"$(inherited)",
					"$(PLATFORM_DIR)/Developer/Library/Frameworks",
				);
				HEADER_SEARCH_PATHS = "$(inherited)";
				INFOPLIST_FILE = JarvisBot.xcodeproj/JarvisBot_Info.plist;
				LD_RUNPATH_SEARCH_PATHS = "$(TOOLCHAIN_DIR)/usr/lib/swift/macosx @executable_path";
				OTHER_LDFLAGS = "$(inherited)";
				OTHER_SWIFT_FLAGS = "$(inherited)";
				SWIFT_FORCE_DYNAMIC_LINK_STDLIB = YES;
				SWIFT_FORCE_STATIC_LINK_STDLIB = NO;
				SWIFT_OPTIMIZATION_LEVEL = "-Onone";
				SWIFT_VERSION = 3.0;
				TARGET_NAME = JarvisBot;
			};
			name = Debug;
		};
		OBJ_177 /* Release */ = {
			isa = XCBuildConfiguration;
			buildSettings = {
				CLANG_ENABLE_MODULES = YES;
				FRAMEWORK_SEARCH_PATHS = (
					"$(inherited)",
					"$(PLATFORM_DIR)/Developer/Library/Frameworks",
				);
				HEADER_SEARCH_PATHS = "$(inherited)";
				INFOPLIST_FILE = JarvisBot.xcodeproj/JarvisBot_Info.plist;
				LD_RUNPATH_SEARCH_PATHS = "$(TOOLCHAIN_DIR)/usr/lib/swift/macosx @executable_path";
				OTHER_LDFLAGS = "$(inherited)";
				OTHER_SWIFT_FLAGS = "$(inherited)";
				SWIFT_FORCE_DYNAMIC_LINK_STDLIB = YES;
				SWIFT_FORCE_STATIC_LINK_STDLIB = NO;
				SWIFT_VERSION = 3.0;
				TARGET_NAME = JarvisBot;
			};
			name = Release;
		};
		OBJ_3 /* Debug */ = {
			isa = XCBuildConfiguration;
			buildSettings = {
				COMBINE_HIDPI_IMAGES = YES;
				COPY_PHASE_STRIP = NO;
				DEBUG_INFORMATION_FORMAT = dwarf;
				DYLIB_INSTALL_NAME_BASE = "@rpath";
				ENABLE_NS_ASSERTIONS = YES;
				GCC_OPTIMIZATION_LEVEL = 0;
				MACOSX_DEPLOYMENT_TARGET = 10.10;
				ONLY_ACTIVE_ARCH = YES;
				OTHER_SWIFT_FLAGS = "-DXcode";
				PRODUCT_NAME = "$(TARGET_NAME)";
				SDKROOT = macosx;
				SUPPORTED_PLATFORMS = "macosx iphoneos iphonesimulator appletvos appletvsimulator watchos watchsimulator";
				SWIFT_ACTIVE_COMPILATION_CONDITIONS = SWIFT_PACKAGE;
				SWIFT_OPTIMIZATION_LEVEL = "-Onone";
				SWIFT_VERSION = 3.0;
				USE_HEADERMAP = NO;
			};
			name = Debug;
		};
		OBJ_4 /* Release */ = {
			isa = XCBuildConfiguration;
			buildSettings = {
				COMBINE_HIDPI_IMAGES = YES;
				COPY_PHASE_STRIP = YES;
				DEBUG_INFORMATION_FORMAT = "dwarf-with-dsym";
				DYLIB_INSTALL_NAME_BASE = "@rpath";
				GCC_OPTIMIZATION_LEVEL = s;
				MACOSX_DEPLOYMENT_TARGET = 10.10;
				OTHER_SWIFT_FLAGS = "-DXcode";
				PRODUCT_NAME = "$(TARGET_NAME)";
				SDKROOT = macosx;
				SUPPORTED_PLATFORMS = "macosx iphoneos iphonesimulator appletvos appletvsimulator watchos watchsimulator";
				SWIFT_ACTIVE_COMPILATION_CONDITIONS = SWIFT_PACKAGE;
				SWIFT_OPTIMIZATION_LEVEL = "-O";
				SWIFT_VERSION = 3.0;
				USE_HEADERMAP = NO;
			};
			name = Release;
		};
		OBJ_88 /* Debug */ = {
			isa = XCBuildConfiguration;
			buildSettings = {
				ENABLE_TESTABILITY = YES;
				FRAMEWORK_SEARCH_PATHS = (
					"$(inherited)",
					"$(PLATFORM_DIR)/Developer/Library/Frameworks",
				);
				HEADER_SEARCH_PATHS = "$(inherited)";
				INFOPLIST_FILE = JarvisBot.xcodeproj/Swifter_Info.plist;
				LD_RUNPATH_SEARCH_PATHS = "$(TOOLCHAIN_DIR)/usr/lib/swift/macosx";
				OTHER_LDFLAGS = "$(inherited)";
				OTHER_SWIFT_FLAGS = "$(inherited)";
				PRODUCT_BUNDLE_IDENTIFIER = Swifter;
				PRODUCT_MODULE_NAME = "$(TARGET_NAME:c99extidentifier)";
				PRODUCT_NAME = "$(TARGET_NAME:c99extidentifier)";
				TARGET_NAME = Swifter;
			};
			name = Debug;
		};
		OBJ_89 /* Release */ = {
			isa = XCBuildConfiguration;
			buildSettings = {
				ENABLE_TESTABILITY = YES;
				FRAMEWORK_SEARCH_PATHS = (
					"$(inherited)",
					"$(PLATFORM_DIR)/Developer/Library/Frameworks",
				);
				HEADER_SEARCH_PATHS = "$(inherited)";
				INFOPLIST_FILE = JarvisBot.xcodeproj/Swifter_Info.plist;
				LD_RUNPATH_SEARCH_PATHS = "$(TOOLCHAIN_DIR)/usr/lib/swift/macosx";
				OTHER_LDFLAGS = "$(inherited)";
				OTHER_SWIFT_FLAGS = "$(inherited)";
				PRODUCT_BUNDLE_IDENTIFIER = Swifter;
				PRODUCT_MODULE_NAME = "$(TARGET_NAME:c99extidentifier)";
				PRODUCT_NAME = "$(TARGET_NAME:c99extidentifier)";
				TARGET_NAME = Swifter;
			};
			name = Release;
		};
/* End XCBuildConfiguration section */

/* Begin XCConfigurationList section */
		OBJ_112 /* Build configuration list for PBXNativeTarget "Starscream" */ = {
			isa = XCConfigurationList;
			buildConfigurations = (
				OBJ_113 /* Debug */,
				OBJ_114 /* Release */,
			);
			defaultConfigurationIsVisible = 0;
			defaultConfigurationName = Debug;
		};
		OBJ_120 /* Build configuration list for PBXNativeTarget "SlackKit" */ = {
			isa = XCConfigurationList;
			buildConfigurations = (
				OBJ_121 /* Debug */,
				OBJ_122 /* Release */,
			);
			defaultConfigurationIsVisible = 0;
			defaultConfigurationName = Debug;
		};
		OBJ_175 /* Build configuration list for PBXNativeTarget "JarvisBot" */ = {
			isa = XCConfigurationList;
			buildConfigurations = (
				OBJ_176 /* Debug */,
				OBJ_177 /* Release */,
			);
			defaultConfigurationIsVisible = 0;
			defaultConfigurationName = Debug;
		};
		OBJ_2 /* Build configuration list for PBXProject "JarvisBot" */ = {
			isa = XCConfigurationList;
			buildConfigurations = (
				OBJ_3 /* Debug */,
				OBJ_4 /* Release */,
			);
			defaultConfigurationIsVisible = 0;
			defaultConfigurationName = Debug;
		};
		OBJ_87 /* Build configuration list for PBXNativeTarget "Swifter" */ = {
			isa = XCConfigurationList;
			buildConfigurations = (
				OBJ_88 /* Debug */,
				OBJ_89 /* Release */,
			);
			defaultConfigurationIsVisible = 0;
			defaultConfigurationName = Debug;
		};
/* End XCConfigurationList section */
	};
	rootObject = OBJ_1 /* Project object */;
}
